{
  "name": "learn-rectivity",
  "version": "1.0.0",
  "lockfileVersion": 1,
  "requires": true,
  "dependencies": {
    "@vue/reactivity": {
      "version": "3.0.0",
      "resolved": "https://registry.npm.taobao.org/@vue/reactivity/download/@vue/reactivity-3.0.0.tgz?cache=0&sync_timestamp=1600441299003&other_urls=https%3A%2F%2Fregistry.npm.taobao.org%2F%40vue%2Freactivity%2Fdownload%2F%40vue%2Freactivity-3.0.0.tgz",
      "integrity": "sha1-/RVjKmCGUM4qlpxyF4fifiyAqms=",
      "requires": {
        "@vue/shared": "3.0.0"
      }
    },
    "@vue/shared": {
      "version": "3.0.0",
      "resolved": "https://registry.npm.taobao.org/@vue/shared/download/@vue/shared-3.0.0.tgz?cache=0&sync_timestamp=1600441293696&other_urls=https%3A%2F%2Fregistry.npm.taobao.org%2F%40vue%2Fshared%2Fdownload%2F%40vue%2Fshared-3.0.0.tgz",
      "integrity": "sha1-7AiSNmKezA8QNGuS8QH/QzkWnxo="
    },
    "blessed": {
      "version": "0.1.81",
      "resolved": "https://registry.npm.taobao.org/blessed/download/blessed-0.1.81.tgz",
      "integrity": "sha1-+WLWh+wsNpVwrnGvhDJW5tDKESk="
    }
  }
}
